
Microsoft Visual Studio Solution File, Format Version 12.00
Project("{FAE04EC0-301F-11D3-BF4B-00C04F79EFBC}") = "DivisionError", "DivisionError\DivisionError.csproj", "{51AEF44A-CA5C-4C9E-B9CC-34747CE2F91D}"
EndProject
Global
	GlobalSection(SolutionConfigurationPlatforms) = preSolution
		Debug|Any CPU = Debug|Any CPU
		Release|Any CPU = Release|Any CPU
	EndGlobalSection
	GlobalSection(ProjectConfigurationPlatforms) = postSolution
		{51AEF44A-CA5C-4C9E-B9CC-34747CE2F91D}.Debug|Any CPU.ActiveCfg = Debug|Any CPU
		{51AEF44A-CA5C-4C9E-B9CC-34747CE2F91D}.Debug|Any CPU.Build.0 = Debug|Any CPU
		{51AEF44A-CA5C-4C9E-B9CC-34747CE2F91D}.Release|Any CPU.ActiveCfg = Release|Any CPU
		{51AEF44A-CA5C-4C9E-B9CC-34747CE2F91D}.Release|Any CPU.Build.0 = Release|Any CPU
	EndGlobalSection
EndGlobal
