
Microsoft Visual Studio Solution File, Format Version 12.00
Project("{FAE04EC0-301F-11D3-BF4B-00C04F79EFBC}") = "par_o_impar", "par_o_impar\par_o_impar.csproj", "{1400C64B-5D03-4331-B06D-04644B238300}"
EndProject
Global
	GlobalSection(SolutionConfigurationPlatforms) = preSolution
		Debug|Any CPU = Debug|Any CPU
		Release|Any CPU = Release|Any CPU
	EndGlobalSection
	GlobalSection(ProjectConfigurationPlatforms) = postSolution
		{1400C64B-5D03-4331-B06D-04644B238300}.Debug|Any CPU.ActiveCfg = Debug|Any CPU
		{1400C64B-5D03-4331-B06D-04644B238300}.Debug|Any CPU.Build.0 = Debug|Any CPU
		{1400C64B-5D03-4331-B06D-04644B238300}.Release|Any CPU.ActiveCfg = Release|Any CPU
		{1400C64B-5D03-4331-B06D-04644B238300}.Release|Any CPU.Build.0 = Release|Any CPU
	EndGlobalSection
EndGlobal
